
Microsoft Visual Studio Solution File, Format Version 12.00
# Visual Studio 2012
Project("{2150E333-8FDC-42A3-9474-1A3956D46DE8}") = "Solution Items", "Solution Items", "{6DDBF60E-E45E-4DDA-A556-461B0C95FEBA}"
	ProjectSection(SolutionItems) = preProject
		build events.txt = build events.txt
	EndProjectSection
EndProject
Project("{FAE04EC0-301F-11D3-BF4B-00C04F79EFBC}") = "Resharper.ReactivePlugin", "Resharper.ReactivePlugin\Resharper.ReactivePlugin\Resharper.ReactivePlugin.csproj", "{DC7FC4E4-CFF9-427B-9F8C-B0E9F8503E07}"
EndProject
Project("{930C7802-8A8C-48F9-8165-68863BCCD9DD}") = "Resharper.ReactivePlugin.Setup", "Resharper.ReactivePlugin\Resharper.ReactivePlugin.Setup\Resharper.ReactivePlugin.Setup.wixproj", "{84D98B49-EED6-4425-BBB7-9BDD0DC6E4A5}"
	ProjectSection(ProjectDependencies) = postProject
		{DC7FC4E4-CFF9-427B-9F8C-B0E9F8503E07} = {DC7FC4E4-CFF9-427B-9F8C-B0E9F8503E07}
	EndProjectSection
EndProject
Project("{FAE04EC0-301F-11D3-BF4B-00C04F79EFBC}") = "Resharper.ReactivePlugin.Tests.Classes", "Resharper.ReactivePlugin\Resharper.ReactivePlugin.Tests.Classes\Resharper.ReactivePlugin.Tests.Classes.csproj", "{6FEDAA7A-3575-47CB-BED5-B1A2C49CC1F6}"
EndProject
Project("{FAE04EC0-301F-11D3-BF4B-00C04F79EFBC}") = "Resharper.ReactivePlugin.Tests", "Resharper.ReactivePlugin\Resharper.ReactivePlugin.Tests\Resharper.ReactivePlugin.Tests.csproj", "{50C8C13E-220B-4347-B085-7994362756F7}"
EndProject
Global
	GlobalSection(SolutionConfigurationPlatforms) = preSolution
		Debug|Any CPU = Debug|Any CPU
		Debug|Mixed Platforms = Debug|Mixed Platforms
		Debug|x86 = Debug|x86
		Release|Any CPU = Release|Any CPU
		Release|Mixed Platforms = Release|Mixed Platforms
		Release|x86 = Release|x86
	EndGlobalSection
	GlobalSection(ProjectConfigurationPlatforms) = postSolution
		{DC7FC4E4-CFF9-427B-9F8C-B0E9F8503E07}.Debug|Any CPU.ActiveCfg = Debug|Any CPU
		{DC7FC4E4-CFF9-427B-9F8C-B0E9F8503E07}.Debug|Any CPU.Build.0 = Debug|Any CPU
		{DC7FC4E4-CFF9-427B-9F8C-B0E9F8503E07}.Debug|Mixed Platforms.ActiveCfg = Debug|Any CPU
		{DC7FC4E4-CFF9-427B-9F8C-B0E9F8503E07}.Debug|Mixed Platforms.Build.0 = Debug|Any CPU
		{DC7FC4E4-CFF9-427B-9F8C-B0E9F8503E07}.Debug|x86.ActiveCfg = Debug|Any CPU
		{DC7FC4E4-CFF9-427B-9F8C-B0E9F8503E07}.Release|Any CPU.ActiveCfg = Release|Any CPU
		{DC7FC4E4-CFF9-427B-9F8C-B0E9F8503E07}.Release|Any CPU.Build.0 = Release|Any CPU
		{DC7FC4E4-CFF9-427B-9F8C-B0E9F8503E07}.Release|Mixed Platforms.ActiveCfg = Release|Any CPU
		{DC7FC4E4-CFF9-427B-9F8C-B0E9F8503E07}.Release|Mixed Platforms.Build.0 = Release|Any CPU
		{DC7FC4E4-CFF9-427B-9F8C-B0E9F8503E07}.Release|x86.ActiveCfg = Release|Any CPU
		{84D98B49-EED6-4425-BBB7-9BDD0DC6E4A5}.Debug|Any CPU.ActiveCfg = Debug|x86
		{84D98B49-EED6-4425-BBB7-9BDD0DC6E4A5}.Debug|Mixed Platforms.ActiveCfg = Debug|x86
		{84D98B49-EED6-4425-BBB7-9BDD0DC6E4A5}.Debug|Mixed Platforms.Build.0 = Debug|x86
		{84D98B49-EED6-4425-BBB7-9BDD0DC6E4A5}.Debug|x86.ActiveCfg = Debug|x86
		{84D98B49-EED6-4425-BBB7-9BDD0DC6E4A5}.Debug|x86.Build.0 = Debug|x86
		{84D98B49-EED6-4425-BBB7-9BDD0DC6E4A5}.Release|Any CPU.ActiveCfg = Release|x86
		{84D98B49-EED6-4425-BBB7-9BDD0DC6E4A5}.Release|Mixed Platforms.ActiveCfg = Release|x86
		{84D98B49-EED6-4425-BBB7-9BDD0DC6E4A5}.Release|Mixed Platforms.Build.0 = Release|x86
		{84D98B49-EED6-4425-BBB7-9BDD0DC6E4A5}.Release|x86.ActiveCfg = Release|x86
		{84D98B49-EED6-4425-BBB7-9BDD0DC6E4A5}.Release|x86.Build.0 = Release|x86
		{6FEDAA7A-3575-47CB-BED5-B1A2C49CC1F6}.Debug|Any CPU.ActiveCfg = Debug|Any CPU
		{6FEDAA7A-3575-47CB-BED5-B1A2C49CC1F6}.Debug|Any CPU.Build.0 = Debug|Any CPU
		{6FEDAA7A-3575-47CB-BED5-B1A2C49CC1F6}.Debug|Mixed Platforms.ActiveCfg = Debug|Any CPU
		{6FEDAA7A-3575-47CB-BED5-B1A2C49CC1F6}.Debug|Mixed Platforms.Build.0 = Debug|Any CPU
		{6FEDAA7A-3575-47CB-BED5-B1A2C49CC1F6}.Debug|x86.ActiveCfg = Debug|Any CPU
		{6FEDAA7A-3575-47CB-BED5-B1A2C49CC1F6}.Release|Any CPU.ActiveCfg = Release|Any CPU
		{6FEDAA7A-3575-47CB-BED5-B1A2C49CC1F6}.Release|Any CPU.Build.0 = Release|Any CPU
		{6FEDAA7A-3575-47CB-BED5-B1A2C49CC1F6}.Release|Mixed Platforms.ActiveCfg = Release|Any CPU
		{6FEDAA7A-3575-47CB-BED5-B1A2C49CC1F6}.Release|Mixed Platforms.Build.0 = Release|Any CPU
		{6FEDAA7A-3575-47CB-BED5-B1A2C49CC1F6}.Release|x86.ActiveCfg = Release|Any CPU
		{50C8C13E-220B-4347-B085-7994362756F7}.Debug|Any CPU.ActiveCfg = Debug|Any CPU
		{50C8C13E-220B-4347-B085-7994362756F7}.Debug|Any CPU.Build.0 = Debug|Any CPU
		{50C8C13E-220B-4347-B085-7994362756F7}.Debug|Mixed Platforms.ActiveCfg = Debug|Any CPU
		{50C8C13E-220B-4347-B085-7994362756F7}.Debug|Mixed Platforms.Build.0 = Debug|Any CPU
		{50C8C13E-220B-4347-B085-7994362756F7}.Debug|x86.ActiveCfg = Debug|Any CPU
		{50C8C13E-220B-4347-B085-7994362756F7}.Release|Any CPU.ActiveCfg = Release|Any CPU
		{50C8C13E-220B-4347-B085-7994362756F7}.Release|Any CPU.Build.0 = Release|Any CPU
		{50C8C13E-220B-4347-B085-7994362756F7}.Release|Mixed Platforms.ActiveCfg = Release|Any CPU
		{50C8C13E-220B-4347-B085-7994362756F7}.Release|Mixed Platforms.Build.0 = Release|Any CPU
		{50C8C13E-220B-4347-B085-7994362756F7}.Release|x86.ActiveCfg = Release|Any CPU
	EndGlobalSection
	GlobalSection(SolutionProperties) = preSolution
		HideSolutionNode = FALSE
	EndGlobalSection
EndGlobal
